
Microsoft Visual Studio Solution File, Format Version 12.00
# Visual Studio 15
VisualStudioVersion = 15.0.26730.10
MinimumVisualStudioVersion = 10.0.40219.1
Project("{FAE04EC0-301F-11D3-BF4B-00C04F79EFBC}") = "CSharpForJavaDevelopers", "CSharpForJavaDevelopers\CSharpForJavaDevelopers.csproj", "{18B474F4-DAC0-4FF4-BCC6-A162240F93FA}"
EndProject
Global
	GlobalSection(SolutionConfigurationPlatforms) = preSolution
		Debug|Any CPU = Debug|Any CPU
		Release|Any CPU = Release|Any CPU
	EndGlobalSection
	GlobalSection(ProjectConfigurationPlatforms) = postSolution
		{18B474F4-DAC0-4FF4-BCC6-A162240F93FA}.Debug|Any CPU.ActiveCfg = Debug|Any CPU
		{18B474F4-DAC0-4FF4-BCC6-A162240F93FA}.Debug|Any CPU.Build.0 = Debug|Any CPU
		{18B474F4-DAC0-4FF4-BCC6-A162240F93FA}.Release|Any CPU.ActiveCfg = Release|Any CPU
		{18B474F4-DAC0-4FF4-BCC6-A162240F93FA}.Release|Any CPU.Build.0 = Release|Any CPU
	EndGlobalSection
	GlobalSection(SolutionProperties) = preSolution
		HideSolutionNode = FALSE
	EndGlobalSection
	GlobalSection(ExtensibilityGlobals) = postSolution
		SolutionGuid = {DE2B59CD-3E68-4B15-BACC-F50161A282CC}
	EndGlobalSection
EndGlobal
